
Microsoft Visual Studio Solution File, Format Version 12.00
# Visual Studio Version 16
VisualStudioVersion = 16.0.30523.141
MinimumVisualStudioVersion = 10.0.40219.1
Project("{8BC9CEB8-8B4A-11D0-8D11-00A0C91BC942}") = "23c", "23c.vcxproj", "{DA52A914-6074-4FA7-B2FB-5C0B8E62B9BF}"
EndProject
Global
	GlobalSection(SolutionConfigurationPlatforms) = preSolution
		Debug|x64 = Debug|x64
		Debug|x86 = Debug|x86
		Release|x64 = Release|x64
		Release|x86 = Release|x86
	EndGlobalSection
	GlobalSection(ProjectConfigurationPlatforms) = postSolution
		{DA52A914-6074-4FA7-B2FB-5C0B8E62B9BF}.Debug|x64.ActiveCfg = Debug|x64
		{DA52A914-6074-4FA7-B2FB-5C0B8E62B9BF}.Debug|x64.Build.0 = Debug|x64
		{DA52A914-6074-4FA7-B2FB-5C0B8E62B9BF}.Debug|x86.ActiveCfg = Debug|Win32
		{DA52A914-6074-4FA7-B2FB-5C0B8E62B9BF}.Debug|x86.Build.0 = Debug|Win32
		{DA52A914-6074-4FA7-B2FB-5C0B8E62B9BF}.Release|x64.ActiveCfg = Release|x64
		{DA52A914-6074-4FA7-B2FB-5C0B8E62B9BF}.Release|x64.Build.0 = Release|x64
		{DA52A914-6074-4FA7-B2FB-5C0B8E62B9BF}.Release|x86.ActiveCfg = Release|Win32
		{DA52A914-6074-4FA7-B2FB-5C0B8E62B9BF}.Release|x86.Build.0 = Release|Win32
	EndGlobalSection
	GlobalSection(SolutionProperties) = preSolution
		HideSolutionNode = FALSE
	EndGlobalSection
	GlobalSection(ExtensibilityGlobals) = postSolution
		SolutionGuid = {1D234FE6-46AC-45D1-9333-A69598A7AC72}
	EndGlobalSection
EndGlobal
